
Microsoft Visual Studio Solution File, Format Version 12.00
# Visual Studio 15
VisualStudioVersion = 15.0.28307.1525
MinimumVisualStudioVersion = 10.0.40219.1
Project("{FAE04EC0-301F-11D3-BF4B-00C04F79EFBC}") = "ConsoleApp6_2", "ConsoleApp6_2\ConsoleApp6_2.csproj", "{D3179A35-5932-420C-91C9-0E61E0D93EF5}"
EndProject
Global
	GlobalSection(SolutionConfigurationPlatforms) = preSolution
		Debug|Any CPU = Debug|Any CPU
		Release|Any CPU = Release|Any CPU
	EndGlobalSection
	GlobalSection(ProjectConfigurationPlatforms) = postSolution
		{D3179A35-5932-420C-91C9-0E61E0D93EF5}.Debug|Any CPU.ActiveCfg = Debug|Any CPU
		{D3179A35-5932-420C-91C9-0E61E0D93EF5}.Debug|Any CPU.Build.0 = Debug|Any CPU
		{D3179A35-5932-420C-91C9-0E61E0D93EF5}.Release|Any CPU.ActiveCfg = Release|Any CPU
		{D3179A35-5932-420C-91C9-0E61E0D93EF5}.Release|Any CPU.Build.0 = Release|Any CPU
	EndGlobalSection
	GlobalSection(SolutionProperties) = preSolution
		HideSolutionNode = FALSE
	EndGlobalSection
	GlobalSection(ExtensibilityGlobals) = postSolution
		SolutionGuid = {32291D76-843E-4B17-9E61-EC0C8E009129}
	EndGlobalSection
EndGlobal
